{
  "nodes": {
    "darwin": {
      "inputs": {
        "nixpkgs": [
          "nixpkgs-unstable"
        ]
      },
      "locked": {
        "lastModified": 1657835815,
        "narHash": "sha256-CnZszAYpNKydh6N7+xg+eRtWNVoAAGqc6bg+Lpgq1xc=",
        "owner": "lnl7",
        "repo": "nix-darwin",
        "rev": "54a24f042f93c79f5679f133faddedec61955cf2",
        "type": "github"
      },
      "original": {
        "owner": "lnl7",
        "repo": "nix-darwin",
        "type": "github"
      }
    },
    "flake-compat": {
      "flake": false,
      "locked": {
        "lastModified": 1650374568,
        "narHash": "sha256-Z+s0J8/r907g149rllvwhb4pKi8Wam5ij0st8PwAh+E=",
        "owner": "edolstra",
        "repo": "flake-compat",
        "rev": "b4a34015c698c7793d592d66adbab377907a2be8",
        "type": "github"
      },
      "original": {
        "owner": "edolstra",
        "repo": "flake-compat",
        "type": "github"
      }
    },
    "flake-utils": {
      "locked": {
        "lastModified": 1659877975,
        "narHash": "sha256-zllb8aq3YO3h8B/U0/J1WBgAL8EX5yWf5pMj3G0NAmc=",
        "owner": "numtide",
        "repo": "flake-utils",
        "rev": "c0e246b9b83f637f4681389ecabcb2681b4f3af0",
        "type": "github"
      },
      "original": {
        "owner": "numtide",
        "repo": "flake-utils",
        "type": "github"
      }
    },
    "flake-utils_2": {
      "locked": {
        "lastModified": 1644229661,
        "narHash": "sha256-1YdnJAsNy69bpcjuoKdOYQX0YxZBiCYZo4Twxerqv7k=",
        "owner": "numtide",
        "repo": "flake-utils",
        "rev": "3cecb5b042f7f209c56ffd8371b2711a290ec797",
        "type": "github"
      },
      "original": {
        "owner": "numtide",
        "repo": "flake-utils",
        "type": "github"
      }
    },
    "flake-utils_3": {
      "locked": {
        "lastModified": 1631561581,
        "narHash": "sha256-3VQMV5zvxaVLvqqUrNz3iJelLw30mIVSfZmAaauM3dA=",
        "owner": "numtide",
        "repo": "flake-utils",
        "rev": "7e5bf3925f6fbdfaf50a2a7ca0be2879c4261d19",
        "type": "github"
      },
      "original": {
        "owner": "numtide",
        "repo": "flake-utils",
        "type": "github"
      }
    },
    "gitalias": {
      "flake": false,
      "locked": {
        "lastModified": 1661796965,
        "narHash": "sha256-QPecGTahMsUnvCHHf/hnycrzKysHqv5W8LtWco9CXBs=",
        "owner": "GitAlias",
        "repo": "gitalias",
        "rev": "3cec0549a5a11771f7e2afa71f2ba6fa047181f7",
        "type": "github"
      },
      "original": {
        "owner": "GitAlias",
        "repo": "gitalias",
        "type": "github"
      }
    },
    "home-manager": {
      "inputs": {
        "nixpkgs": [
          "nixpkgs-unstable"
        ],
        "utils": [
          "flake-utils"
        ]
      },
      "locked": {
        "lastModified": 1659484873,
        "narHash": "sha256-6VoPiGyDdjBHOJ3IpS24lY1lrDiOHeuEefOFI0qz3WE=",
        "owner": "nix-community",
        "repo": "home-manager",
        "rev": "d8d9ff0b2df77defa10375c6665b51f0251c34d6",
        "type": "github"
      },
      "original": {
        "owner": "nix-community",
        "repo": "home-manager",
        "type": "github"
      }
    },
    "neovim-flake": {
      "inputs": {
        "flake-utils": "flake-utils_2",
        "nixpkgs": [
          "neovim-overlay",
          "nixpkgs"
        ]
      },
      "locked": {
        "dir": "contrib",
        "lastModified": 1662534485,
        "narHash": "sha256-G9dADQ53yaHNfMy5c2CZgaFk+5Y5qP85WcgAaluGX6g=",
        "owner": "neovim",
        "repo": "neovim",
        "rev": "ff9d2b17fb0f538b2b6d58c33c1568c699b0bb0e",
        "type": "github"
      },
      "original": {
        "dir": "contrib",
        "owner": "neovim",
        "repo": "neovim",
        "type": "github"
      }
    },
    "neovim-overlay": {
      "inputs": {
        "flake-compat": "flake-compat",
        "neovim-flake": "neovim-flake",
        "nixpkgs": [
          "nixpkgs-unstable"
        ]
      },
      "locked": {
        "lastModified": 1662538789,
        "narHash": "sha256-LzzWYEK5hMd+dbHBaqrISmockI32eW9zAPM8xKR4JfE=",
        "owner": "nix-community",
        "repo": "neovim-nightly-overlay",
        "rev": "33a11e91c383b00ce043afec98d067a9a2ab8d5b",
        "type": "github"
      },
      "original": {
        "owner": "nix-community",
        "repo": "neovim-nightly-overlay",
        "type": "github"
      }
    },
    "nixpkgs-deprecated-darwin": {
      "locked": {
        "lastModified": 1659446231,
        "narHash": "sha256-hekabNdTdgR/iLsgce5TGWmfIDZ86qjPhxDg/8TlzhE=",
        "owner": "nixos",
        "repo": "nixpkgs",
        "rev": "eabc38219184cc3e04a974fe31857d8e0eac098d",
        "type": "github"
      },
      "original": {
        "owner": "nixos",
        "ref": "nixpkgs-21.11-darwin",
        "repo": "nixpkgs",
        "type": "github"
      }
    },
    "nixpkgs-master": {
      "locked": {
        "lastModified": 1662577096,
        "narHash": "sha256-CRcIoYdvEPnWQ3Lovkzwfrrl2PvVL3EodCBiemgZYpo=",
        "owner": "NixOS",
        "repo": "nixpkgs",
        "rev": "41df56c421f1409f483881f60331fd6764b37f23",
        "type": "github"
      },
      "original": {
        "owner": "NixOS",
        "ref": "master",
        "repo": "nixpkgs",
        "type": "github"
      }
    },
    "nixpkgs-stable-darwin": {
      "locked": {
        "lastModified": 1662073734,
        "narHash": "sha256-SXxqqRn1M/dEWZ4/9ko+5rXHtGGy3Y3s/645dmqAVNc=",
        "owner": "nixos",
        "repo": "nixpkgs",
        "rev": "f4160d8a7b960c3e59169607b336d255dcb84410",
        "type": "github"
      },
      "original": {
        "owner": "nixos",
        "ref": "nixpkgs-22.05-darwin",
        "repo": "nixpkgs",
        "type": "github"
      }
    },
    "nixpkgs-unstable": {
      "locked": {
        "lastModified": 1659542688,
        "narHash": "sha256-7Ye59iW/DUWb8PzptEqdyYPlv6y+IhqKecaoZl3q68A=",
        "owner": "nixos",
        "repo": "nixpkgs",
        "rev": "81094ccd6a0aa13ed176c815a60c4e25b49f072d",
        "type": "github"
      },
      "original": {
        "owner": "nixos",
        "ref": "nixpkgs-unstable",
        "repo": "nixpkgs",
        "type": "github"
      }
    },
    "root": {
      "inputs": {
        "darwin": "darwin",
        "flake-utils": "flake-utils",
        "gitalias": "gitalias",
        "home-manager": "home-manager",
        "neovim-overlay": "neovim-overlay",
        "nixpkgs-deprecated-darwin": "nixpkgs-deprecated-darwin",
        "nixpkgs-master": "nixpkgs-master",
        "nixpkgs-stable-darwin": "nixpkgs-stable-darwin",
        "nixpkgs-unstable": "nixpkgs-unstable",
        "rose-pine-kitty": "rose-pine-kitty",
        "unison": "unison"
      }
    },
    "rose-pine-kitty": {
      "flake": false,
      "locked": {
        "lastModified": 1661351382,
        "narHash": "sha256-idqwpNC6hWIz5KtEGqL5C+KcUcKc9iPCstP5FQcZZ0I=",
        "owner": "rose-pine",
        "repo": "kitty",
        "rev": "4dd9bbe6f838e61f0ef7e9ab9625adda34e129ef",
        "type": "github"
      },
      "original": {
        "owner": "rose-pine",
        "repo": "kitty",
        "type": "github"
      }
    },
    "unison": {
      "inputs": {
        "flake-utils": "flake-utils_3",
        "nixpkgs": [
          "nixpkgs-unstable"
        ],
        "unison": "unison_2"
      },
      "locked": {
        "lastModified": 1657917017,
        "narHash": "sha256-NqyMQJjCDqOIg2F61FA3hDk7eZUuUPwaJF5QS/Hb4m0=",
        "owner": "ceedubs",
        "repo": "unison-nix",
        "rev": "abf44c07317306732776171b28778b63b630fccc",
        "type": "github"
      },
      "original": {
        "owner": "ceedubs",
        "repo": "unison-nix",
        "type": "github"
      }
    },
    "unison_2": {
      "flake": false,
      "locked": {
        "lastModified": 1646077194,
        "narHash": "sha256-USM4z+69F1W7AaufoaUUhQvgIqnq82ZIycRotx06Ljs=",
        "owner": "unisonweb",
        "repo": "unison",
        "rev": "ef5d4296218acec57a0fe16f2e8b164de90bcb00",
        "type": "github"
      },
      "original": {
        "owner": "unisonweb",
        "repo": "unison",
        "type": "github"
      }
    }
  },
  "root": "root",
  "version": 7
}
