{
  "nodes": {
    "darwin": {
      "inputs": {
        "nixpkgs": [
          "nixpkgs-unstable"
        ]
      },
      "locked": {
        "lastModified": 1668784520,
        "narHash": "sha256-gGgVAMwYPPmrfnvnoRi6OkEB5KRsNTb9uYzEceLdO/g=",
        "owner": "lnl7",
        "repo": "nix-darwin",
        "rev": "6349b99bc2b96ded34d068a88c7c5ced406b7f7f",
        "type": "github"
      },
      "original": {
        "owner": "lnl7",
        "repo": "nix-darwin",
        "type": "github"
      }
    },
    "flake-compat": {
      "flake": false,
      "locked": {
        "lastModified": 1673956053,
        "narHash": "sha256-4gtG9iQuiKITOjNQQeQIpoIB6b16fm+504Ch3sNKLd8=",
        "owner": "edolstra",
        "repo": "flake-compat",
        "rev": "35bb57c0c8d8b62bbfd284272c928ceb64ddbde9",
        "type": "github"
      },
      "original": {
        "owner": "edolstra",
        "repo": "flake-compat",
        "type": "github"
      }
    },
    "flake-utils": {
      "inputs": {
        "systems": "systems"
      },
      "locked": {
        "lastModified": 1687709756,
        "narHash": "sha256-Y5wKlQSkgEK2weWdOu4J3riRd+kV/VCgHsqLNTTWQ/0=",
        "owner": "numtide",
        "repo": "flake-utils",
        "rev": "dbabf0ca0c0c4bce6ea5eaf65af5cb694d2082c7",
        "type": "github"
      },
      "original": {
        "owner": "numtide",
        "repo": "flake-utils",
        "type": "github"
      }
    },
    "flake-utils_2": {
      "locked": {
        "lastModified": 1667395993,
        "narHash": "sha256-nuEHfE/LcWyuSWnS8t12N1wc105Qtau+/OdUAjtQ0rA=",
        "owner": "numtide",
        "repo": "flake-utils",
        "rev": "5aed5285a952e0b949eb3ba02c12fa4fcfef535f",
        "type": "github"
      },
      "original": {
        "owner": "numtide",
        "repo": "flake-utils",
        "type": "github"
      }
    },
    "flake-utils_3": {
      "inputs": {
        "systems": "systems_2"
      },
      "locked": {
        "lastModified": 1681202837,
        "narHash": "sha256-H+Rh19JDwRtpVPAWp64F+rlEtxUWBAQW28eAi3SRSzg=",
        "owner": "numtide",
        "repo": "flake-utils",
        "rev": "cfacdce06f30d2b68473a46042957675eebb3401",
        "type": "github"
      },
      "original": {
        "owner": "numtide",
        "repo": "flake-utils",
        "type": "github"
      }
    },
    "gitalias": {
      "flake": false,
      "locked": {
        "lastModified": 1685534180,
        "narHash": "sha256-OtKdN4SeJSswtF3Uvs3cMZwTwpL2wEm4KU1iKmfEr30=",
        "owner": "GitAlias",
        "repo": "gitalias",
        "rev": "ed036c1fd16c8e690329c594bc028f58c6e3b349",
        "type": "github"
      },
      "original": {
        "owner": "GitAlias",
        "repo": "gitalias",
        "type": "github"
      }
    },
    "home-manager": {
      "inputs": {
        "nixpkgs": [
          "nixpkgs-unstable"
        ]
      },
      "locked": {
        "lastModified": 1687969886,
        "narHash": "sha256-tC2qFLmuM0PFaw0tMHVcFmzsG/351q09qa1EpuL2n1U=",
        "owner": "nix-community",
        "repo": "home-manager",
        "rev": "a7002d6bfca54742d5fc9b485a1879953b4585b9",
        "type": "github"
      },
      "original": {
        "owner": "nix-community",
        "repo": "home-manager",
        "type": "github"
      }
    },
    "neovim-flake": {
      "inputs": {
        "flake-utils": "flake-utils_2",
        "nixpkgs": [
          "neovim-overlay",
          "nixpkgs"
        ]
      },
      "locked": {
        "dir": "contrib",
        "lastModified": 1675657440,
        "narHash": "sha256-UkEa4LKXLNglbn5U2o/zee9AePaVVzLkhe06rv6jtDg=",
        "owner": "neovim",
        "repo": "neovim",
        "rev": "6c39edaa7e5060cedfbbf61e88f4aad20fdff73d",
        "type": "github"
      },
      "original": {
        "dir": "contrib",
        "owner": "neovim",
        "repo": "neovim",
        "type": "github"
      }
    },
    "neovim-overlay": {
      "inputs": {
        "flake-compat": "flake-compat",
        "neovim-flake": "neovim-flake",
        "nixpkgs": "nixpkgs"
      },
      "locked": {
        "lastModified": 1675671305,
        "narHash": "sha256-AUcqYR+hZsGz0LCA+FNXejCEToLRceFXia4zMqxh2KE=",
        "owner": "nix-community",
        "repo": "neovim-nightly-overlay",
        "rev": "3660ca973f7f9608855abc497626776745c701e3",
        "type": "github"
      },
      "original": {
        "owner": "nix-community",
        "repo": "neovim-nightly-overlay",
        "type": "github"
      }
    },
    "nixpkgs": {
      "locked": {
        "lastModified": 1687274257,
        "narHash": "sha256-TutzPriQcZ8FghDhEolnHcYU2oHIG5XWF+/SUBNnAOE=",
        "owner": "nixos",
        "repo": "nixpkgs",
        "rev": "2c9ecd1f0400076a4d6b2193ad468ff0a7e7fdc5",
        "type": "github"
      },
      "original": {
        "owner": "nixos",
        "ref": "nixpkgs-unstable",
        "repo": "nixpkgs",
        "type": "github"
      }
    },
    "nixpkgs-unstable": {
      "locked": {
        "lastModified": 1687886075,
        "narHash": "sha256-PeayJDDDy+uw1Ats4moZnRdL1OFuZm1Tj+KiHlD67+o=",
        "owner": "nixos",
        "repo": "nixpkgs",
        "rev": "a565059a348422af5af9026b5174dc5c0dcefdae",
        "type": "github"
      },
      "original": {
        "owner": "nixos",
        "ref": "nixpkgs-unstable",
        "repo": "nixpkgs",
        "type": "github"
      }
    },
    "nixpkgs_2": {
      "locked": {
        "lastModified": 1672580127,
        "narHash": "sha256-3lW3xZslREhJogoOkjeZtlBtvFMyxHku7I/9IVehhT8=",
        "owner": "nixos",
        "repo": "nixpkgs",
        "rev": "0874168639713f547c05947c76124f78441ea46c",
        "type": "github"
      },
      "original": {
        "owner": "nixos",
        "ref": "nixos-22.05",
        "repo": "nixpkgs",
        "type": "github"
      }
    },
    "root": {
      "inputs": {
        "darwin": "darwin",
        "flake-utils": "flake-utils",
        "gitalias": "gitalias",
        "home-manager": "home-manager",
        "neovim-overlay": "neovim-overlay",
        "nixpkgs-unstable": "nixpkgs-unstable",
        "rose-pine-kitty": "rose-pine-kitty",
        "unison": "unison"
      }
    },
    "rose-pine-kitty": {
      "flake": false,
      "locked": {
        "lastModified": 1679585223,
        "narHash": "sha256-PPMngY53waqKGeurUp8vaht008Kx8u6Sy+0siPBM79A=",
        "owner": "rose-pine",
        "repo": "kitty",
        "rev": "a7f05dae78a563367e6200bf41d5d869a9bb4bdd",
        "type": "github"
      },
      "original": {
        "owner": "rose-pine",
        "repo": "kitty",
        "type": "github"
      }
    },
    "systems": {
      "locked": {
        "lastModified": 1681028828,
        "narHash": "sha256-Vy1rq5AaRuLzOxct8nz4T6wlgyUR7zLU309k9mBC768=",
        "owner": "nix-systems",
        "repo": "default",
        "rev": "da67096a3b9bf56a91d16901293e51ba5b49a27e",
        "type": "github"
      },
      "original": {
        "owner": "nix-systems",
        "repo": "default",
        "type": "github"
      }
    },
    "systems_2": {
      "locked": {
        "lastModified": 1681028828,
        "narHash": "sha256-Vy1rq5AaRuLzOxct8nz4T6wlgyUR7zLU309k9mBC768=",
        "owner": "nix-systems",
        "repo": "default",
        "rev": "da67096a3b9bf56a91d16901293e51ba5b49a27e",
        "type": "github"
      },
      "original": {
        "owner": "nix-systems",
        "repo": "default",
        "type": "github"
      }
    },
    "unison": {
      "inputs": {
        "flake-utils": "flake-utils_3",
        "nixpkgs": "nixpkgs_2",
        "unison": "unison_2"
      },
      "locked": {
        "lastModified": 1688001344,
        "narHash": "sha256-abnEx6O3awS88ap171VY5qSRu7qe8JR/l6kuCFgzEPw=",
        "owner": "ceedubs",
        "repo": "unison-nix",
        "rev": "bec1b447d068c118a05c99fe092775be4126d435",
        "type": "github"
      },
      "original": {
        "owner": "ceedubs",
        "repo": "unison-nix",
        "type": "github"
      }
    },
    "unison_2": {
      "flake": false,
      "locked": {
        "lastModified": 1681420567,
        "narHash": "sha256-wVBiAAxGxJiigUaSL+O8i5cVvX+lbCmP1uesJI25nVE=",
        "owner": "unisonweb",
        "repo": "unison",
        "rev": "c2b920e12263cdea4604e4938eccef88f0a813a0",
        "type": "github"
      },
      "original": {
        "owner": "unisonweb",
        "repo": "unison",
        "type": "github"
      }
    }
  },
  "root": "root",
  "version": 7
}
